
Microsoft Visual Studio Solution File, Format Version 12.00
# Visual Studio Version 16
VisualStudioVersion = 16.0.30503.244
MinimumVisualStudioVersion = 10.0.40219.1
Project("{9A19103F-16F7-4668-BE54-9A1E7A4F7556}") = "App", "App\App.csproj", "{E5863032-E679-440B-AD23-B4B5899D9FAB}"
EndProject
Project("{FAE04EC0-301F-11D3-BF4B-00C04F79EFBC}") = "Models", "RecognitionModel\Models.csproj", "{9F38145E-F4B5-4A1D-8430-51AA970B36CE}"
EndProject
Global
	GlobalSection(SolutionConfigurationPlatforms) = preSolution
		Debug|Any CPU = Debug|Any CPU
		Release|Any CPU = Release|Any CPU
	EndGlobalSection
	GlobalSection(ProjectConfigurationPlatforms) = postSolution
		{E5863032-E679-440B-AD23-B4B5899D9FAB}.Debug|Any CPU.ActiveCfg = Debug|Any CPU
		{E5863032-E679-440B-AD23-B4B5899D9FAB}.Debug|Any CPU.Build.0 = Debug|Any CPU
		{E5863032-E679-440B-AD23-B4B5899D9FAB}.Release|Any CPU.ActiveCfg = Release|Any CPU
		{E5863032-E679-440B-AD23-B4B5899D9FAB}.Release|Any CPU.Build.0 = Release|Any CPU
		{9F38145E-F4B5-4A1D-8430-51AA970B36CE}.Debug|Any CPU.ActiveCfg = Debug|Any CPU
		{9F38145E-F4B5-4A1D-8430-51AA970B36CE}.Debug|Any CPU.Build.0 = Debug|Any CPU
		{9F38145E-F4B5-4A1D-8430-51AA970B36CE}.Release|Any CPU.ActiveCfg = Release|Any CPU
		{9F38145E-F4B5-4A1D-8430-51AA970B36CE}.Release|Any CPU.Build.0 = Release|Any CPU
	EndGlobalSection
	GlobalSection(SolutionProperties) = preSolution
		HideSolutionNode = FALSE
	EndGlobalSection
	GlobalSection(ExtensibilityGlobals) = postSolution
		SolutionGuid = {2388F44D-FF5F-411F-A435-C508992CE7D7}
	EndGlobalSection
EndGlobal
